
Microsoft Visual Studio Solution File, Format Version 12.00
# Visual Studio 15
VisualStudioVersion = 15.0.27703.2000
MinimumVisualStudioVersion = 10.0.40219.1
Project("{E24C65DC-7377-472B-9ABA-BC803B73C61A}") = "JAllan", "JAllan\", "{0E803937-780B-4292-968E-D5820DA1702B}"
	ProjectSection(WebsiteProperties) = preProject
		TargetFrameworkMoniker = ".NETFramework,Version%3Dv4.5"
		Debug.AspNetCompiler.VirtualPath = "/localhost_50279"
		Debug.AspNetCompiler.PhysicalPath = "JAllan\"
		Debug.AspNetCompiler.TargetPath = "PrecompiledWeb\localhost_50279\"
		Debug.AspNetCompiler.Updateable = "true"
		Debug.AspNetCompiler.ForceOverwrite = "true"
		Debug.AspNetCompiler.FixedNames = "false"
		Debug.AspNetCompiler.Debug = "True"
		Release.AspNetCompiler.VirtualPath = "/localhost_50279"
		Release.AspNetCompiler.PhysicalPath = "JAllan\"
		Release.AspNetCompiler.TargetPath = "PrecompiledWeb\localhost_50279\"
		Release.AspNetCompiler.Updateable = "true"
		Release.AspNetCompiler.ForceOverwrite = "true"
		Release.AspNetCompiler.FixedNames = "false"
		Release.AspNetCompiler.Debug = "False"
		VWDPort = "50279"
		SlnRelativePath = "JAllan\"
		DefaultWebSiteLanguage = "Visual C#"
	EndProjectSection
EndProject
Global
	GlobalSection(SolutionConfigurationPlatforms) = preSolution
		Debug|Any CPU = Debug|Any CPU
	EndGlobalSection
	GlobalSection(ProjectConfigurationPlatforms) = postSolution
		{0E803937-780B-4292-968E-D5820DA1702B}.Debug|Any CPU.ActiveCfg = Debug|Any CPU
		{0E803937-780B-4292-968E-D5820DA1702B}.Debug|Any CPU.Build.0 = Debug|Any CPU
	EndGlobalSection
	GlobalSection(SolutionProperties) = preSolution
		HideSolutionNode = FALSE
	EndGlobalSection
	GlobalSection(ExtensibilityGlobals) = postSolution
		SolutionGuid = {361C8D65-C6AB-4235-862C-3FCD7E19EF7E}
	EndGlobalSection
EndGlobal
